
Microsoft Visual Studio Solution File, Format Version 12.00
# Visual Studio 15
VisualStudioVersion = 15.0.28307.329
MinimumVisualStudioVersion = 10.0.40219.1
Project("{FAE04EC0-301F-11D3-BF4B-00C04F79EFBC}") = "OlaMundo", "OlaMundo\OlaMundo.csproj", "{E1BE117C-8C6C-43E4-B4C0-364C114D1878}"
EndProject
Project("{FAE04EC0-301F-11D3-BF4B-00C04F79EFBC}") = "Argumentos", "Argumentos\Argumentos.csproj", "{2B0119E5-3684-4BB4-82B9-1613AB741D96}"
EndProject
Global
	GlobalSection(SolutionConfigurationPlatforms) = preSolution
		Debug|Any CPU = Debug|Any CPU
		Release|Any CPU = Release|Any CPU
	EndGlobalSection
	GlobalSection(ProjectConfigurationPlatforms) = postSolution
		{E1BE117C-8C6C-43E4-B4C0-364C114D1878}.Debug|Any CPU.ActiveCfg = Debug|Any CPU
		{E1BE117C-8C6C-43E4-B4C0-364C114D1878}.Debug|Any CPU.Build.0 = Debug|Any CPU
		{E1BE117C-8C6C-43E4-B4C0-364C114D1878}.Release|Any CPU.ActiveCfg = Release|Any CPU
		{E1BE117C-8C6C-43E4-B4C0-364C114D1878}.Release|Any CPU.Build.0 = Release|Any CPU
		{2B0119E5-3684-4BB4-82B9-1613AB741D96}.Debug|Any CPU.ActiveCfg = Debug|Any CPU
		{2B0119E5-3684-4BB4-82B9-1613AB741D96}.Debug|Any CPU.Build.0 = Debug|Any CPU
		{2B0119E5-3684-4BB4-82B9-1613AB741D96}.Release|Any CPU.ActiveCfg = Release|Any CPU
		{2B0119E5-3684-4BB4-82B9-1613AB741D96}.Release|Any CPU.Build.0 = Release|Any CPU
	EndGlobalSection
	GlobalSection(SolutionProperties) = preSolution
		HideSolutionNode = FALSE
	EndGlobalSection
	GlobalSection(ExtensibilityGlobals) = postSolution
		SolutionGuid = {C23299D2-E49B-4E80-BDD2-47CCF55BFFD6}
	EndGlobalSection
EndGlobal
